// !$*UTF8*$!
{
	archiveVersion = 1;
	classes = {
	};
	objectVersion = 55;
	objects = {

/* Begin PBXBuildFile section */
		43B98A9B27C995A100A27B9A /* MusicByLocationApp.swift in Sources */ = {isa = PBXBuildFile; fileRef = 43B98A9A27C995A100A27B9A /* MusicByLocationApp.swift */; };
		43B98A9D27C995A100A27B9A /* ContentView.swift in Sources */ = {isa = PBXBuildFile; fileRef = 43B98A9C27C995A100A27B9A /* ContentView.swift */; };
		43B98A9F27C995A300A27B9A /* Assets.xcassets in Resources */ = {isa = PBXBuildFile; fileRef = 43B98A9E27C995A300A27B9A /* Assets.xcassets */; };
		43B98AA227C995A300A27B9A /* Preview Assets.xcassets in Resources */ = {isa = PBXBuildFile; fileRef = 43B98AA127C995A300A27B9A /* Preview Assets.xcassets */; };
		43B98AAC27C995A300A27B9A /* MusicByLocationTests.swift in Sources */ = {isa = PBXBuildFile; fileRef = 43B98AAB27C995A300A27B9A /* MusicByLocationTests.swift */; };
		43B98AB627C995A300A27B9A /* MusicByLocationUITests.swift in Sources */ = {isa = PBXBuildFile; fileRef = 43B98AB527C995A300A27B9A /* MusicByLocationUITests.swift */; };
		43B98AB827C995A300A27B9A /* MusicByLocationUITestsLaunchTests.swift in Sources */ = {isa = PBXBuildFile; fileRef = 43B98AB727C995A300A27B9A /* MusicByLocationUITestsLaunchTests.swift */; };
/* End PBXBuildFile section */

/* Begin PBXContainerItemProxy section */
		43B98AA827C995A300A27B9A /* PBXContainerItemProxy */ = {
			isa = PBXContainerItemProxy;
			containerPortal = 43B98A8F27C995A100A27B9A /* Project object */;
			proxyType = 1;
			remoteGlobalIDString = 43B98A9627C995A100A27B9A;
			remoteInfo = MusicByLocation;
		};
		43B98AB227C995A300A27B9A /* PBXContainerItemProxy */ = {
			isa = PBXContainerItemProxy;
			containerPortal = 43B98A8F27C995A100A27B9A /* Project object */;
			proxyType = 1;
			remoteGlobalIDString = 43B98A9627C995A100A27B9A;
			remoteInfo = MusicByLocation;
		};
/* End PBXContainerItemProxy section */

/* Begin PBXFileReference section */
		43B98A9727C995A100A27B9A /* MusicByLocation.app */ = {isa = PBXFileReference; explicitFileType = wrapper.application; includeInIndex = 0; path = MusicByLocation.app; sourceTree = BUILT_PRODUCTS_DIR; };
		43B98A9A27C995A100A27B9A /* MusicByLocationApp.swift */ = {isa = PBXFileReference; lastKnownFileType = sourcecode.swift; path = MusicByLocationApp.swift; sourceTree = "<group>"; };
		43B98A9C27C995A100A27B9A /* ContentView.swift */ = {isa = PBXFileReference; lastKnownFileType = sourcecode.swift; path = ContentView.swift; sourceTree = "<group>"; };
		43B98A9E27C995A300A27B9A /* Assets.xcassets */ = {isa = PBXFileReference; lastKnownFileType = folder.assetcatalog; path = Assets.xcassets; sourceTree = "<group>"; };
		43B98AA127C995A300A27B9A /* Preview Assets.xcassets */ = {isa = PBXFileReference; lastKnownFileType = folder.assetcatalog; path = "Preview Assets.xcassets"; sourceTree = "<group>"; };
		43B98AA727C995A300A27B9A /* MusicByLocationTests.xctest */ = {isa = PBXFileReference; explicitFileType = wrapper.cfbundle; includeInIndex = 0; path = MusicByLocationTests.xctest; sourceTree = BUILT_PRODUCTS_DIR; };
		43B98AAB27C995A300A27B9A /* MusicByLocationTests.swift */ = {isa = PBXFileReference; lastKnownFileType = sourcecode.swift; path = MusicByLocationTests.swift; sourceTree = "<group>"; };
		43B98AB127C995A300A27B9A /* MusicByLocationUITests.xctest */ = {isa = PBXFileReference; explicitFileType = wrapper.cfbundle; includeInIndex = 0; path = MusicByLocationUITests.xctest; sourceTree = BUILT_PRODUCTS_DIR; };
		43B98AB527C995A300A27B9A /* MusicByLocationUITests.swift */ = {isa = PBXFileReference; lastKnownFileType = sourcecode.swift; path = MusicByLocationUITests.swift; sourceTree = "<group>"; };
		43B98AB727C995A300A27B9A /* MusicByLocationUITestsLaunchTests.swift */ = {isa = PBXFileReference; lastKnownFileType = sourcecode.swift; path = MusicByLocationUITestsLaunchTests.swift; sourceTree = "<group>"; };
/* End PBXFileReference section */

/* Begin PBXFrameworksBuildPhase section */
		43B98A9427C995A100A27B9A /* Frameworks */ = {
			isa = PBXFrameworksBuildPhase;
			buildActionMask = 2147483647;
			files = (
			);
			runOnlyForDeploymentPostprocessing = 0;
		};
		43B98AA427C995A300A27B9A /* Frameworks */ = {
			isa = PBXFrameworksBuildPhase;
			buildActionMask = 2147483647;
			files = (
			);
			runOnlyForDeploymentPostprocessing = 0;
		};
		43B98AAE27C995A300A27B9A /* Frameworks */ = {
			isa = PBXFrameworksBuildPhase;
			buildActionMask = 2147483647;
			files = (
			);
			runOnlyForDeploymentPostprocessing = 0;
		};
/* End PBXFrameworksBuildPhase section */

/* Begin PBXGroup section */
		43B98A8E27C995A100A27B9A = {
			isa = PBXGroup;
			children = (
				43B98A9927C995A100A27B9A /* MusicByLocation */,
				43B98AAA27C995A300A27B9A /* MusicByLocationTests */,
				43B98AB427C995A300A27B9A /* MusicByLocationUITests */,
				43B98A9827C995A100A27B9A /* Products */,
			);
			sourceTree = "<group>";
		};
		43B98A9827C995A100A27B9A /* Products */ = {
			isa = PBXGroup;
			children = (
				43B98A9727C995A100A27B9A /* MusicByLocation.app */,
				43B98AA727C995A300A27B9A /* MusicByLocationTests.xctest */,
				43B98AB127C995A300A27B9A /* MusicByLocationUITests.xctest */,
			);
			name = Products;
			sourceTree = "<group>";
		};
		43B98A9927C995A100A27B9A /* MusicByLocation */ = {
			isa = PBXGroup;
			children = (
				43B98A9A27C995A100A27B9A /* MusicByLocationApp.swift */,
				43B98A9C27C995A100A27B9A /* ContentView.swift */,
				43B98A9E27C995A300A27B9A /* Assets.xcassets */,
				43B98AA027C995A300A27B9A /* Preview Content */,
			);
			path = MusicByLocation;
			sourceTree = "<group>";
		};
		43B98AA027C995A300A27B9A /* Preview Content */ = {
			isa = PBXGroup;
			children = (
				43B98AA127C995A300A27B9A /* Preview Assets.xcassets */,
			);
			path = "Preview Content";
			sourceTree = "<group>";
		};
		43B98AAA27C995A300A27B9A /* MusicByLocationTests */ = {
			isa = PBXGroup;
			children = (
				43B98AAB27C995A300A27B9A /* MusicByLocationTests.swift */,
			);
			path = MusicByLocationTests;
			sourceTree = "<group>";
		};
		43B98AB427C995A300A27B9A /* MusicByLocationUITests */ = {
			isa = PBXGroup;
			children = (
				43B98AB527C995A300A27B9A /* MusicByLocationUITests.swift */,
				43B98AB727C995A300A27B9A /* MusicByLocationUITestsLaunchTests.swift */,
			);
			path = MusicByLocationUITests;
			sourceTree = "<group>";
		};
/* End PBXGroup section */

/* Begin PBXNativeTarget section */
		43B98A9627C995A100A27B9A /* MusicByLocation */ = {
			isa = PBXNativeTarget;
			buildConfigurationList = 43B98ABB27C995A300A27B9A /* Build configuration list for PBXNativeTarget "MusicByLocation" */;
			buildPhases = (
				43B98A9327C995A100A27B9A /* Sources */,
				43B98A9427C995A100A27B9A /* Frameworks */,
				43B98A9527C995A100A27B9A /* Resources */,
			);
			buildRules = (
			);
			dependencies = (
			);
			name = MusicByLocation;
			productName = MusicByLocation;
			productReference = 43B98A9727C995A100A27B9A /* MusicByLocation.app */;
			productType = "com.apple.product-type.application";
		};
		43B98AA627C995A300A27B9A /* MusicByLocationTests */ = {
			isa = PBXNativeTarget;
			buildConfigurationList = 43B98ABE27C995A300A27B9A /* Build configuration list for PBXNativeTarget "MusicByLocationTests" */;
			buildPhases = (
				43B98AA327C995A300A27B9A /* Sources */,
				43B98AA427C995A300A27B9A /* Frameworks */,
				43B98AA527C995A300A27B9A /* Resources */,
			);
			buildRules = (
			);
			dependencies = (
				43B98AA927C995A300A27B9A /* PBXTargetDependency */,
			);
			name = MusicByLocationTests;
			productName = MusicByLocationTests;
			productReference = 43B98AA727C995A300A27B9A /* MusicByLocationTests.xctest */;
			productType = "com.apple.product-type.bundle.unit-test";
		};
		43B98AB027C995A300A27B9A /* MusicByLocationUITests */ = {
			isa = PBXNativeTarget;
			buildConfigurationList = 43B98AC127C995A300A27B9A /* Build configuration list for PBXNativeTarget "MusicByLocationUITests" */;
			buildPhases = (
				43B98AAD27C995A300A27B9A /* Sources */,
				43B98AAE27C995A300A27B9A /* Frameworks */,
				43B98AAF27C995A300A27B9A /* Resources */,
			);
			buildRules = (
			);
			dependencies = (
				43B98AB327C995A300A27B9A /* PBXTargetDependency */,
			);
			name = MusicByLocationUITests;
			productName = MusicByLocationUITests;
			productReference = 43B98AB127C995A300A27B9A /* MusicByLocationUITests.xctest */;
			productType = "com.apple.product-type.bundle.ui-testing";
		};
/* End PBXNativeTarget section */

/* Begin PBXProject section */
		43B98A8F27C995A100A27B9A /* Project object */ = {
			isa = PBXProject;
			attributes = {
				BuildIndependentTargetsInParallel = 1;
				LastSwiftUpdateCheck = 1320;
				LastUpgradeCheck = 1320;
				TargetAttributes = {
					43B98A9627C995A100A27B9A = {
						CreatedOnToolsVersion = 13.2.1;
					};
					43B98AA627C995A300A27B9A = {
						CreatedOnToolsVersion = 13.2.1;
						TestTargetID = 43B98A9627C995A100A27B9A;
					};
					43B98AB027C995A300A27B9A = {
						CreatedOnToolsVersion = 13.2.1;
						TestTargetID = 43B98A9627C995A100A27B9A;
					};
				};
			};
			buildConfigurationList = 43B98A9227C995A100A27B9A /* Build configuration list for PBXProject "MusicByLocation" */;
			compatibilityVersion = "Xcode 13.0";
			developmentRegion = en;
			hasScannedForEncodings = 0;
			knownRegions = (
				en,
				Base,
			);
			mainGroup = 43B98A8E27C995A100A27B9A;
			productRefGroup = 43B98A9827C995A100A27B9A /* Products */;
			projectDirPath = "";
			projectRoot = "";
			targets = (
				43B98A9627C995A100A27B9A /* MusicByLocation */,
				43B98AA627C995A300A27B9A /* MusicByLocationTests */,
				43B98AB027C995A300A27B9A /* MusicByLocationUITests */,
			);
		};
/* End PBXProject section */

/* Begin PBXResourcesBuildPhase section */
		43B98A9527C995A100A27B9A /* Resources */ = {
			isa = PBXResourcesBuildPhase;
			buildActionMask = 2147483647;
			files = (
				43B98AA227C995A300A27B9A /* Preview Assets.xcassets in Resources */,
				43B98A9F27C995A300A27B9A /* Assets.xcassets in Resources */,
			);
			runOnlyForDeploymentPostprocessing = 0;
		};
		43B98AA527C995A300A27B9A /* Resources */ = {
			isa = PBXResourcesBuildPhase;
			buildActionMask = 2147483647;
			files = (
			);
			runOnlyForDeploymentPostprocessing = 0;
		};
		43B98AAF27C995A300A27B9A /* Resources */ = {
			isa = PBXResourcesBuildPhase;
			buildActionMask = 2147483647;
			files = (
			);
			runOnlyForDeploymentPostprocessing = 0;
		};
/* End PBXResourcesBuildPhase section */

/* Begin PBXSourcesBuildPhase section */
		43B98A9327C995A100A27B9A /* Sources */ = {
			isa = PBXSourcesBuildPhase;
			buildActionMask = 2147483647;
			files = (
				43B98A9D27C995A100A27B9A /* ContentView.swift in Sources */,
				43B98A9B27C995A100A27B9A /* MusicByLocationApp.swift in Sources */,
			);
			runOnlyForDeploymentPostprocessing = 0;
		};
		43B98AA327C995A300A27B9A /* Sources */ = {
			isa = PBXSourcesBuildPhase;
			buildActionMask = 2147483647;
			files = (
				43B98AAC27C995A300A27B9A /* MusicByLocationTests.swift in Sources */,
			);
			runOnlyForDeploymentPostprocessing = 0;
		};
		43B98AAD27C995A300A27B9A /* Sources */ = {
			isa = PBXSourcesBuildPhase;
			buildActionMask = 2147483647;
			files = (
				43B98AB827C995A300A27B9A /* MusicByLocationUITestsLaunchTests.swift in Sources */,
				43B98AB627C995A300A27B9A /* MusicByLocationUITests.swift in Sources */,
			);
			runOnlyForDeploymentPostprocessing = 0;
		};
/* End PBXSourcesBuildPhase section */

/* Begin PBXTargetDependency section */
		43B98AA927C995A300A27B9A /* PBXTargetDependency */ = {
			isa = PBXTargetDependency;
			target = 43B98A9627C995A100A27B9A /* MusicByLocation */;
			targetProxy = 43B98AA827C995A300A27B9A /* PBXContainerItemProxy */;
		};
		43B98AB327C995A300A27B9A /* PBXTargetDependency */ = {
			isa = PBXTargetDependency;
			target = 43B98A9627C995A100A27B9A /* MusicByLocation */;
			targetProxy = 43B98AB227C995A300A27B9A /* PBXContainerItemProxy */;
		};
/* End PBXTargetDependency section */

/* Begin XCBuildConfiguration section */
		43B98AB927C995A300A27B9A /* Debug */ = {
			isa = XCBuildConfiguration;
			buildSettings = {
				ALWAYS_SEARCH_USER_PATHS = NO;
				CLANG_ANALYZER_NONNULL = YES;
				CLANG_ANALYZER_NUMBER_OBJECT_CONVERSION = YES_AGGRESSIVE;
				CLANG_CXX_LANGUAGE_STANDARD = "gnu++17";
				CLANG_CXX_LIBRARY = "libc++";
				CLANG_ENABLE_MODULES = YES;
				CLANG_ENABLE_OBJC_ARC = YES;
				CLANG_ENABLE_OBJC_WEAK = YES;
				CLANG_WARN_BLOCK_CAPTURE_AUTORELEASING = YES;
				CLANG_WARN_BOOL_CONVERSION = YES;
				CLANG_WARN_COMMA = YES;
				CLANG_WARN_CONSTANT_CONVERSION = YES;
				CLANG_WARN_DEPRECATED_OBJC_IMPLEMENTATIONS = YES;
				CLANG_WARN_DIRECT_OBJC_ISA_USAGE = YES_ERROR;
				CLANG_WARN_DOCUMENTATION_COMMENTS = YES;
				CLANG_WARN_EMPTY_BODY = YES;
				CLANG_WARN_ENUM_CONVERSION = YES;
				CLANG_WARN_INFINITE_RECURSION = YES;
				CLANG_WARN_INT_CONVERSION = YES;
				CLANG_WARN_NON_LITERAL_NULL_CONVERSION = YES;
				CLANG_WARN_OBJC_IMPLICIT_RETAIN_SELF = YES;
				CLANG_WARN_OBJC_LITERAL_CONVERSION = YES;
				CLANG_WARN_OBJC_ROOT_CLASS = YES_ERROR;
				CLANG_WARN_QUOTED_INCLUDE_IN_FRAMEWORK_HEADER = YES;
				CLANG_WARN_RANGE_LOOP_ANALYSIS = YES;
				CLANG_WARN_STRICT_PROTOTYPES = YES;
				CLANG_WARN_SUSPICIOUS_MOVE = YES;
				CLANG_WARN_UNGUARDED_AVAILABILITY = YES_AGGRESSIVE;
				CLANG_WARN_UNREACHABLE_CODE = YES;
				CLANG_WARN__DUPLICATE_METHOD_MATCH = YES;
				COPY_PHASE_STRIP = NO;
				DEBUG_INFORMATION_FORMAT = dwarf;
				ENABLE_STRICT_OBJC_MSGSEND = YES;
				ENABLE_TESTABILITY = YES;
				GCC_C_LANGUAGE_STANDARD = gnu11;
				GCC_DYNAMIC_NO_PIC = NO;
				GCC_NO_COMMON_BLOCKS = YES;
				GCC_OPTIMIZATION_LEVEL = 0;
				GCC_PREPROCESSOR_DEFINITIONS = (
					"DEBUG=1",
					"$(inherited)",
				);
				GCC_WARN_64_TO_32_BIT_CONVERSION = YES;
				GCC_WARN_ABOUT_RETURN_TYPE = YES_ERROR;
				GCC_WARN_UNDECLARED_SELECTOR = YES;
				GCC_WARN_UNINITIALIZED_AUTOS = YES_AGGRESSIVE;
				GCC_WARN_UNUSED_FUNCTION = YES;
				GCC_WARN_UNUSED_VARIABLE = YES;
				IPHONEOS_DEPLOYMENT_TARGET = 15.2;
				MTL_ENABLE_DEBUG_INFO = INCLUDE_SOURCE;
				MTL_FAST_MATH = YES;
				ONLY_ACTIVE_ARCH = YES;
				SDKROOT = iphoneos;
				SWIFT_ACTIVE_COMPILATION_CONDITIONS = DEBUG;
				SWIFT_OPTIMIZATION_LEVEL = "-Onone";
			};
			name = Debug;
		};
		43B98ABA27C995A300A27B9A /* Release */ = {
			isa = XCBuildConfiguration;
			buildSettings = {
				ALWAYS_SEARCH_USER_PATHS = NO;
				CLANG_ANALYZER_NONNULL = YES;
				CLANG_ANALYZER_NUMBER_OBJECT_CONVERSION = YES_AGGRESSIVE;
				CLANG_CXX_LANGUAGE_STANDARD = "gnu++17";
				CLANG_CXX_LIBRARY = "libc++";
				CLANG_ENABLE_MODULES = YES;
				CLANG_ENABLE_OBJC_ARC = YES;
				CLANG_ENABLE_OBJC_WEAK = YES;
				CLANG_WARN_BLOCK_CAPTURE_AUTORELEASING = YES;
				CLANG_WARN_BOOL_CONVERSION = YES;
				CLANG_WARN_COMMA = YES;
				CLANG_WARN_CONSTANT_CONVERSION = YES;
				CLANG_WARN_DEPRECATED_OBJC_IMPLEMENTATIONS = YES;
				CLANG_WARN_DIRECT_OBJC_ISA_USAGE = YES_ERROR;
				CLANG_WARN_DOCUMENTATION_COMMENTS = YES;
				CLANG_WARN_EMPTY_BODY = YES;
				CLANG_WARN_ENUM_CONVERSION = YES;
				CLANG_WARN_INFINITE_RECURSION = YES;
				CLANG_WARN_INT_CONVERSION = YES;
				CLANG_WARN_NON_LITERAL_NULL_CONVERSION = YES;
				CLANG_WARN_OBJC_IMPLICIT_RETAIN_SELF = YES;
				CLANG_WARN_OBJC_LITERAL_CONVERSION = YES;
				CLANG_WARN_OBJC_ROOT_CLASS = YES_ERROR;
				CLANG_WARN_QUOTED_INCLUDE_IN_FRAMEWORK_HEADER = YES;
				CLANG_WARN_RANGE_LOOP_ANALYSIS = YES;
				CLANG_WARN_STRICT_PROTOTYPES = YES;
				CLANG_WARN_SUSPICIOUS_MOVE = YES;
				CLANG_WARN_UNGUARDED_AVAILABILITY = YES_AGGRESSIVE;
				CLANG_WARN_UNREACHABLE_CODE = YES;
				CLANG_WARN__DUPLICATE_METHOD_MATCH = YES;
				COPY_PHASE_STRIP = NO;
				DEBUG_INFORMATION_FORMAT = "dwarf-with-dsym";
				ENABLE_NS_ASSERTIONS = NO;
				ENABLE_STRICT_OBJC_MSGSEND = YES;
				GCC_C_LANGUAGE_STANDARD = gnu11;
				GCC_NO_COMMON_BLOCKS = YES;
				GCC_WARN_64_TO_32_BIT_CONVERSION = YES;
				GCC_WARN_ABOUT_RETURN_TYPE = YES_ERROR;
				GCC_WARN_UNDECLARED_SELECTOR = YES;
				GCC_WARN_UNINITIALIZED_AUTOS = YES_AGGRESSIVE;
				GCC_WARN_UNUSED_FUNCTION = YES;
				GCC_WARN_UNUSED_VARIABLE = YES;
				IPHONEOS_DEPLOYMENT_TARGET = 15.2;
				MTL_ENABLE_DEBUG_INFO = NO;
				MTL_FAST_MATH = YES;
				SDKROOT = iphoneos;
				SWIFT_COMPILATION_MODE = wholemodule;
				SWIFT_OPTIMIZATION_LEVEL = "-O";
				VALIDATE_PRODUCT = YES;
			};
			name = Release;
		};
		43B98ABC27C995A300A27B9A /* Debug */ = {
			isa = XCBuildConfiguration;
			buildSettings = {
				ASSETCATALOG_COMPILER_APPICON_NAME = AppIcon;
				ASSETCATALOG_COMPILER_GLOBAL_ACCENT_COLOR_NAME = AccentColor;
				CODE_SIGN_STYLE = Automatic;
				CURRENT_PROJECT_VERSION = 1;
				DEVELOPMENT_ASSET_PATHS = "\"MusicByLocation/Preview Content\"";
				ENABLE_PREVIEWS = YES;
				GENERATE_INFOPLIST_FILE = YES;
				INFOPLIST_KEY_UIApplicationSceneManifest_Generation = YES;
				INFOPLIST_KEY_UIApplicationSupportsIndirectInputEvents = YES;
				INFOPLIST_KEY_UILaunchScreen_Generation = YES;
				INFOPLIST_KEY_UISupportedInterfaceOrientations_iPad = "UIInterfaceOrientationPortrait UIInterfaceOrientationPortraitUpsideDown UIInterfaceOrientationLandscapeLeft UIInterfaceOrientationLandscapeRight";
				INFOPLIST_KEY_UISupportedInterfaceOrientations_iPhone = "UIInterfaceOrientationPortrait UIInterfaceOrientationLandscapeLeft UIInterfaceOrientationLandscapeRight";
				LD_RUNPATH_SEARCH_PATHS = (
					"$(inherited)",
					"@executable_path/Frameworks",
				);
				MARKETING_VERSION = 1.0;
				PRODUCT_BUNDLE_IDENTIFIER = orcaEnterprises.MusicByLocation;
				PRODUCT_NAME = "$(TARGET_NAME)";
				SWIFT_EMIT_LOC_STRINGS = YES;
				SWIFT_VERSION = 5.0;
				TARGETED_DEVICE_FAMILY = "1,2";
			};
			name = Debug;
		};
		43B98ABD27C995A300A27B9A /* Release */ = {
			isa = XCBuildConfiguration;
			buildSettings = {
				ASSETCATALOG_COMPILER_APPICON_NAME = AppIcon;
				ASSETCATALOG_COMPILER_GLOBAL_ACCENT_COLOR_NAME = AccentColor;
				CODE_SIGN_STYLE = Automatic;
				CURRENT_PROJECT_VERSION = 1;
				DEVELOPMENT_ASSET_PATHS = "\"MusicByLocation/Preview Content\"";
				ENABLE_PREVIEWS = YES;
				GENERATE_INFOPLIST_FILE = YES;
				INFOPLIST_KEY_UIApplicationSceneManifest_Generation = YES;
				INFOPLIST_KEY_UIApplicationSupportsIndirectInputEvents = YES;
				INFOPLIST_KEY_UILaunchScreen_Generation = YES;
				INFOPLIST_KEY_UISupportedInterfaceOrientations_iPad = "UIInterfaceOrientationPortrait UIInterfaceOrientationPortraitUpsideDown UIInterfaceOrientationLandscapeLeft UIInterfaceOrientationLandscapeRight";
				INFOPLIST_KEY_UISupportedInterfaceOrientations_iPhone = "UIInterfaceOrientationPortrait UIInterfaceOrientationLandscapeLeft UIInterfaceOrientationLandscapeRight";
				LD_RUNPATH_SEARCH_PATHS = (
					"$(inherited)",
					"@executable_path/Frameworks",
				);
				MARKETING_VERSION = 1.0;
				PRODUCT_BUNDLE_IDENTIFIER = orcaEnterprises.MusicByLocation;
				PRODUCT_NAME = "$(TARGET_NAME)";
				SWIFT_EMIT_LOC_STRINGS = YES;
				SWIFT_VERSION = 5.0;
				TARGETED_DEVICE_FAMILY = "1,2";
			};
			name = Release;
		};
		43B98ABF27C995A300A27B9A /* Debug */ = {
			isa = XCBuildConfiguration;
			buildSettings = {
				ALWAYS_EMBED_SWIFT_STANDARD_LIBRARIES = YES;
				BUNDLE_LOADER = "$(TEST_HOST)";
				CODE_SIGN_STYLE = Automatic;
				CURRENT_PROJECT_VERSION = 1;
				GENERATE_INFOPLIST_FILE = YES;
				IPHONEOS_DEPLOYMENT_TARGET = 15.2;
				MARKETING_VERSION = 1.0;
				PRODUCT_BUNDLE_IDENTIFIER = orcaEnterprises.MusicByLocationTests;
				PRODUCT_NAME = "$(TARGET_NAME)";
				SWIFT_EMIT_LOC_STRINGS = NO;
				SWIFT_VERSION = 5.0;
				TARGETED_DEVICE_FAMILY = "1,2";
				TEST_HOST = "$(BUILT_PRODUCTS_DIR)/MusicByLocation.app/MusicByLocation";
			};
			name = Debug;
		};
		43B98AC027C995A300A27B9A /* Release */ = {
			isa = XCBuildConfiguration;
			buildSettings = {
				ALWAYS_EMBED_SWIFT_STANDARD_LIBRARIES = YES;
				BUNDLE_LOADER = "$(TEST_HOST)";
				CODE_SIGN_STYLE = Automatic;
				CURRENT_PROJECT_VERSION = 1;
				GENERATE_INFOPLIST_FILE = YES;
				IPHONEOS_DEPLOYMENT_TARGET = 15.2;
				MARKETING_VERSION = 1.0;
				PRODUCT_BUNDLE_IDENTIFIER = orcaEnterprises.MusicByLocationTests;
				PRODUCT_NAME = "$(TARGET_NAME)";
				SWIFT_EMIT_LOC_STRINGS = NO;
				SWIFT_VERSION = 5.0;
				TARGETED_DEVICE_FAMILY = "1,2";
				TEST_HOST = "$(BUILT_PRODUCTS_DIR)/MusicByLocation.app/MusicByLocation";
			};
			name = Release;
		};
		43B98AC227C995A300A27B9A /* Debug */ = {
			isa = XCBuildConfiguration;
			buildSettings = {
				ALWAYS_EMBED_SWIFT_STANDARD_LIBRARIES = YES;
				CODE_SIGN_STYLE = Automatic;
				CURRENT_PROJECT_VERSION = 1;
				GENERATE_INFOPLIST_FILE = YES;
				MARKETING_VERSION = 1.0;
				PRODUCT_BUNDLE_IDENTIFIER = orcaEnterprises.MusicByLocationUITests;
				PRODUCT_NAME = "$(TARGET_NAME)";
				SWIFT_EMIT_LOC_STRINGS = NO;
				SWIFT_VERSION = 5.0;
				TARGETED_DEVICE_FAMILY = "1,2";
				TEST_TARGET_NAME = MusicByLocation;
			};
			name = Debug;
		};
		43B98AC327C995A300A27B9A /* Release */ = {
			isa = XCBuildConfiguration;
			buildSettings = {
				ALWAYS_EMBED_SWIFT_STANDARD_LIBRARIES = YES;
				CODE_SIGN_STYLE = Automatic;
				CURRENT_PROJECT_VERSION = 1;
				GENERATE_INFOPLIST_FILE = YES;
				MARKETING_VERSION = 1.0;
				PRODUCT_BUNDLE_IDENTIFIER = orcaEnterprises.MusicByLocationUITests;
				PRODUCT_NAME = "$(TARGET_NAME)";
				SWIFT_EMIT_LOC_STRINGS = NO;
				SWIFT_VERSION = 5.0;
				TARGETED_DEVICE_FAMILY = "1,2";
				TEST_TARGET_NAME = MusicByLocation;
			};
			name = Release;
		};
/* End XCBuildConfiguration section */

/* Begin XCConfigurationList section */
		43B98A9227C995A100A27B9A /* Build configuration list for PBXProject "MusicByLocation" */ = {
			isa = XCConfigurationList;
			buildConfigurations = (
				43B98AB927C995A300A27B9A /* Debug */,
				43B98ABA27C995A300A27B9A /* Release */,
			);
			defaultConfigurationIsVisible = 0;
			defaultConfigurationName = Release;
		};
		43B98ABB27C995A300A27B9A /* Build configuration list for PBXNativeTarget "MusicByLocation" */ = {
			isa = XCConfigurationList;
			buildConfigurations = (
				43B98ABC27C995A300A27B9A /* Debug */,
				43B98ABD27C995A300A27B9A /* Release */,
			);
			defaultConfigurationIsVisible = 0;
			defaultConfigurationName = Release;
		};
		43B98ABE27C995A300A27B9A /* Build configuration list for PBXNativeTarget "MusicByLocationTests" */ = {
			isa = XCConfigurationList;
			buildConfigurations = (
				43B98ABF27C995A300A27B9A /* Debug */,
				43B98AC027C995A300A27B9A /* Release */,
			);
			defaultConfigurationIsVisible = 0;
			defaultConfigurationName = Release;
		};
		43B98AC127C995A300A27B9A /* Build configuration list for PBXNativeTarget "MusicByLocationUITests" */ = {
			isa = XCConfigurationList;
			buildConfigurations = (
				43B98AC227C995A300A27B9A /* Debug */,
				43B98AC327C995A300A27B9A /* Release */,
			);
			defaultConfigurationIsVisible = 0;
			defaultConfigurationName = Release;
		};
/* End XCConfigurationList section */
	};
	rootObject = 43B98A8F27C995A100A27B9A /* Project object */;
}
